
Microsoft Visual Studio Solution File, Format Version 12.00
# Visual Studio Version 17
VisualStudioVersion = 17.12.35728.132 d17.12
MinimumVisualStudioVersion = 10.0.40219.1
Project("{FAE04EC0-301F-11D3-BF4B-00C04F79EFBC}") = "TaxCode", "TaxCode\TaxCode.csproj", "{3A966D24-9AA8-490A-8942-9945E5ADC29D}"
EndProject
Project("{FAE04EC0-301F-11D3-BF4B-00C04F79EFBC}") = "TestConsole", "TestConsole\TestConsole.csproj", "{0BCA5306-4B3D-46A6-B27E-4424AAD2FACA}"
EndProject
Global
	GlobalSection(SolutionConfigurationPlatforms) = preSolution
		Debug|Any CPU = Debug|Any CPU
		Release|Any CPU = Release|Any CPU
	EndGlobalSection
	GlobalSection(ProjectConfigurationPlatforms) = postSolution
		{3A966D24-9AA8-490A-8942-9945E5ADC29D}.Debug|Any CPU.ActiveCfg = Debug|Any CPU
		{3A966D24-9AA8-490A-8942-9945E5ADC29D}.Debug|Any CPU.Build.0 = Debug|Any CPU
		{3A966D24-9AA8-490A-8942-9945E5ADC29D}.Release|Any CPU.ActiveCfg = Release|Any CPU
		{3A966D24-9AA8-490A-8942-9945E5ADC29D}.Release|Any CPU.Build.0 = Release|Any CPU
		{0BCA5306-4B3D-46A6-B27E-4424AAD2FACA}.Debug|Any CPU.ActiveCfg = Debug|Any CPU
		{0BCA5306-4B3D-46A6-B27E-4424AAD2FACA}.Debug|Any CPU.Build.0 = Debug|Any CPU
		{0BCA5306-4B3D-46A6-B27E-4424AAD2FACA}.Release|Any CPU.ActiveCfg = Release|Any CPU
		{0BCA5306-4B3D-46A6-B27E-4424AAD2FACA}.Release|Any CPU.Build.0 = Release|Any CPU
	EndGlobalSection
	GlobalSection(SolutionProperties) = preSolution
		HideSolutionNode = FALSE
	EndGlobalSection
EndGlobal
